
Microsoft Visual Studio Solution File, Format Version 12.00
# Visual Studio Version 16
VisualStudioVersion = 16.0.31321.278
MinimumVisualStudioVersion = 10.0.40219.1
Project("{9A19103F-16F7-4668-BE54-9A1E7A4F7556}") = "CohesionIB.ApiEngineer.CodeChallenge", "CohesionIB.ApiEngineer.CodeChallenge\CohesionIB.ApiEngineer.CodeChallenge.csproj", "{221C362D-60C6-4D5A-BEEE-DA1A72AE554B}"
EndProject
Project("{9A19103F-16F7-4668-BE54-9A1E7A4F7556}") = "Lot.O.Invitation.Codes.Services", "Lot.O.Invitation.Codes.Services\Lot.O.Invitation.Codes.Services.csproj", "{D6118B0B-3AE6-4CB5-9656-B03BBD2D469B}"
EndProject
Global
	GlobalSection(SolutionConfigurationPlatforms) = preSolution
		Debug|Any CPU = Debug|Any CPU
		Release|Any CPU = Release|Any CPU
	EndGlobalSection
	GlobalSection(ProjectConfigurationPlatforms) = postSolution
		{221C362D-60C6-4D5A-BEEE-DA1A72AE554B}.Debug|Any CPU.ActiveCfg = Debug|Any CPU
		{221C362D-60C6-4D5A-BEEE-DA1A72AE554B}.Debug|Any CPU.Build.0 = Debug|Any CPU
		{221C362D-60C6-4D5A-BEEE-DA1A72AE554B}.Release|Any CPU.ActiveCfg = Release|Any CPU
		{221C362D-60C6-4D5A-BEEE-DA1A72AE554B}.Release|Any CPU.Build.0 = Release|Any CPU
		{D6118B0B-3AE6-4CB5-9656-B03BBD2D469B}.Debug|Any CPU.ActiveCfg = Debug|Any CPU
		{D6118B0B-3AE6-4CB5-9656-B03BBD2D469B}.Debug|Any CPU.Build.0 = Debug|Any CPU
		{D6118B0B-3AE6-4CB5-9656-B03BBD2D469B}.Release|Any CPU.ActiveCfg = Release|Any CPU
		{D6118B0B-3AE6-4CB5-9656-B03BBD2D469B}.Release|Any CPU.Build.0 = Release|Any CPU
	EndGlobalSection
	GlobalSection(SolutionProperties) = preSolution
		HideSolutionNode = FALSE
	EndGlobalSection
	GlobalSection(ExtensibilityGlobals) = postSolution
		SolutionGuid = {F7E49DB6-16EA-423C-8F22-02DC48CFFCBA}
	EndGlobalSection
EndGlobal
